<?xml version="1.0" encoding="utf-8"?>
<Project ToolsVersion="4.0" xmlns="http://schemas.microsoft.com/developer/msbuild/2003">
  <ItemGroup>
    <Filter Include="include">
      <UniqueIdentifier>{bcaaa678-f926-4f69-98df-7c8491510a6f}</UniqueIdentifier>
    </Filter>
    <Filter Include="components">
      <UniqueIdentifier>{bb4ee3c6-3b3a-4501-9314-80418cadf6eb}</UniqueIdentifier>
    </Filter>
    <Filter Include="include\ToyGraph">
      <UniqueIdentifier>{ea4dcbb1-21cc-40e5-a3ec-76a9276db8a3}</UniqueIdentifier>
    </Filter>
    <Filter Include="components\ToyGraph">
      <UniqueIdentifier>{3ee748d1-ec10-44a2-ba6c-cc6d0cc43cae}</UniqueIdentifier>
    </Filter>
    <Filter Include="components\ToyGraph\Shader">
      <UniqueIdentifier>{12033948-51ac-4306-b0a2-d3d5007a0666}</UniqueIdentifier>
    </Filter>
    <Filter Include="lib">
      <UniqueIdentifier>{c73ff7d2-fe2d-4528-9b39-a7a1f4bf4061}</UniqueIdentifier>
    </Filter>
    <Filter Include="lib\lib">
      <UniqueIdentifier>{97aaea36-8446-4906-a75c-8a69d3176000}</UniqueIdentifier>
    </Filter>
    <Filter Include="lib\src">
      <UniqueIdentifier>{e8264820-80c0-4bcf-ad83-addef16515ad}</UniqueIdentifier>
    </Filter>
  </ItemGroup>
  <ItemGroup>
    <ClInclude Include="include\ToyGraph\Shader.h">
      <Filter>include\ToyGraph</Filter>
    </ClInclude>
  </ItemGroup>
  <ItemGroup>
    <ClCompile Include="components\ToyGraph\Shader\Shader.cpp">
      <Filter>components\ToyGraph\Shader</Filter>
    </ClCompile>
    <ClCompile Include="lib\src\glad.c">
      <Filter>lib\src</Filter>
    </ClCompile>
  </ItemGroup>
  <ItemGroup>
    <Library Include="lib\lib\glfw3.lib">
      <Filter>lib\lib</Filter>
    </Library>
  </ItemGroup>
</Project>