<?xml version="1.0" encoding="utf-8"?>
<Project ToolsVersion="4.0" xmlns="http://schemas.microsoft.com/developer/msbuild/2003">
  <ItemGroup>
    <Filter Include="include">
      <UniqueIdentifier>{bcaaa678-f926-4f69-98df-7c8491510a6f}</UniqueIdentifier>
    </Filter>
    <Filter Include="components">
      <UniqueIdentifier>{bb4ee3c6-3b3a-4501-9314-80418cadf6eb}</UniqueIdentifier>
    </Filter>
    <Filter Include="include\ToyGraph">
      <UniqueIdentifier>{ea4dcbb1-21cc-40e5-a3ec-76a9276db8a3}</UniqueIdentifier>
    </Filter>
    <Filter Include="components\ToyGraph">
      <UniqueIdentifier>{3ee748d1-ec10-44a2-ba6c-cc6d0cc43cae}</UniqueIdentifier>
    </Filter>
    <Filter Include="components\ToyGraph\Shader">
      <UniqueIdentifier>{12033948-51ac-4306-b0a2-d3d5007a0666}</UniqueIdentifier>
    </Filter>
    <Filter Include="lib">
      <UniqueIdentifier>{c73ff7d2-fe2d-4528-9b39-a7a1f4bf4061}</UniqueIdentifier>
    </Filter>
    <Filter Include="lib\lib">
      <UniqueIdentifier>{97aaea36-8446-4906-a75c-8a69d3176000}</UniqueIdentifier>
    </Filter>
    <Filter Include="lib\src">
      <UniqueIdentifier>{e8264820-80c0-4bcf-ad83-addef16515ad}</UniqueIdentifier>
    </Filter>
    <Filter Include="components\ToyGraph\Camera">
      <UniqueIdentifier>{3689c422-5d30-4733-8517-7e2e6cf5cd4c}</UniqueIdentifier>
    </Filter>
    <Filter Include="components\ToyGraph\Actor">
      <UniqueIdentifier>{004084d7-686f-4e4d-bdb4-677ca6efe27e}</UniqueIdentifier>
    </Filter>
    <Filter Include="components\ToyGraph\Engine">
      <UniqueIdentifier>{d4444a6a-a3d7-42a1-ab27-dd1c3698c05c}</UniqueIdentifier>
    </Filter>
    <Filter Include="components\ToyGraph\Model">
      <UniqueIdentifier>{f6999e93-d835-4027-a9c2-3e7770813843}</UniqueIdentifier>
    </Filter>
    <Filter Include="components\ToyGraph\AppRuntime">
      <UniqueIdentifier>{88d5c5f4-4c41-4e99-b57b-d2fb39aca0f1}</UniqueIdentifier>
    </Filter>
    <Filter Include="components\ToyGraphCommon">
      <UniqueIdentifier>{d389bc28-0836-4355-b068-d051cfca0c1a}</UniqueIdentifier>
    </Filter>
  </ItemGroup>
  <ItemGroup>
    <ClInclude Include="include\ToyGraph\Shader.h">
      <Filter>include\ToyGraph</Filter>
    </ClInclude>
    <ClInclude Include="include\ToyGraph\Camera.h">
      <Filter>include\ToyGraph</Filter>
    </ClInclude>
    <ClInclude Include="include\ToyGraph\Actor.h">
      <Filter>include\ToyGraph</Filter>
    </ClInclude>
    <ClInclude Include="include\ToyGraph\Engine.h">
      <Filter>include\ToyGraph</Filter>
    </ClInclude>
  </ItemGroup>
  <ItemGroup>
    <ClCompile Include="components\ToyGraph\Shader\Shader.cpp">
      <Filter>components\ToyGraph\Shader</Filter>
    </ClCompile>
    <ClCompile Include="lib\src\glad.c">
      <Filter>lib\src</Filter>
    </ClCompile>
    <ClCompile Include="components\ToyGraph\Camera\Camera.cpp">
      <Filter>components\ToyGraph\Camera</Filter>
    </ClCompile>
    <ClCompile Include="components\ToyGraph\Actor\Actor.cpp">
      <Filter>components\ToyGraph\Actor</Filter>
    </ClCompile>
    <ClCompile Include="components\ToyGraph\Engine\Engine.cpp">
      <Filter>components\ToyGraph\Engine</Filter>
    </ClCompile>
    <ClCompile Include="components\ToyGraph\Model\Mesh.cpp">
      <Filter>components\ToyGraph\Model</Filter>
    </ClCompile>
    <ClCompile Include="components\ToyGraph\Model\Model.cpp">
      <Filter>components\ToyGraph\Model</Filter>
    </ClCompile>
    <ClCompile Include="components\ToyGraph\Model\Texture.cpp">
      <Filter>components\ToyGraph\Model</Filter>
    </ClCompile>
    <ClCompile Include="components\ToyGraph\AppRuntime\AppRuntime.cpp">
      <Filter>components\ToyGraph\AppRuntime</Filter>
    </ClCompile>
    <ClCompile Include="components\ToyGraphCommon\CharEncodingConverter.cpp">
      <Filter>components\ToyGraphCommon</Filter>
    </ClCompile>
    <ClCompile Include="components\ToyGraphCommon\Random.cpp">
      <Filter>components\ToyGraphCommon</Filter>
    </ClCompile>
  </ItemGroup>
  <ItemGroup>
    <Library Include="lib\lib\glfw3.lib">
      <Filter>lib\lib</Filter>
    </Library>
    <Library Include="lib\lib\assimp-vc143-mt.lib">
      <Filter>lib\lib</Filter>
    </Library>
  </ItemGroup>
</Project>